{
    "_readme": [
        "This file locks the dependencies of your project to a known state",
        "Read more about it at https://getcomposer.org/doc/01-basic-usage.md#composer-lock-the-lock-file",
        "This file is @generated automatically"
    ],
    "hash": "3f2a42027912fff919cc32e2511faa7e",
    "content-hash": "611f7064b9b02807587313393e46b5d0",
    "packages": [
        {
            "name": "xiaosier/libweibo",
            "version": "dev-master",
            "source": {
                "type": "git",
                "url": "https://github.com/xiaosier/libweibo.git",
                "reference": "a91a386ca40640f3e289f99d567324d3d671edb8"
            },
            "dist": {
                "type": "zip",
                "url": "https://packagist.phpcomposer.com/files/xiaosier/libweibo/a91a386ca40640f3e289f99d567324d3d671edb8.zip",
                "reference": "a91a386ca40640f3e289f99d567324d3d671edb8",
                "shasum": ""
            },
            "require": {
                "php": ">=5.0.0"
            },
            "type": "library",
            "autoload": {
                "files": [
                    "saetv2.ex.class.php"
                ]
            },
            "notification-url": "https://packagist.org/downloads/",
            "license": [
                "MIT"
            ],
            "authors": [
                {
                    "name": "lazypeople",
                    "email": "hfutming@gmail.com",
                    "homepage": "http://lazy.changes.com.cn",
                    "role": "Developer"
                }
            ],
            "description": "PHP sdk for Weibo open platform",
            "homepage": "http://github.com/xiaosier/libweibo",
            "keywords": [
                "sdk",
                "weibo"
            ],
            "time": "2016-04-11 13:24:16"
        }
    ],
    "packages-dev": [],
    "aliases": [],
    "minimum-stability": "stable",
    "stability-flags": {
        "xiaosier/libweibo": 20
    },
    "prefer-stable": false,
    "prefer-lowest": false,
    "platform": [],
    "platform-dev": []
}
